
Microsoft Visual Studio Solution File, Format Version 12.00
# Visual Studio Version 17
VisualStudioVersion = 17.8.34309.116
MinimumVisualStudioVersion = 10.0.40219.1
Project("{FAE04EC0-301F-11D3-BF4B-00C04F79EFBC}") = "WindowsFormsApp3", "WindowsFormsApp3.csproj", "{EDFCE935-8397-46B3-BAA1-668EE82A3E36}"
EndProject
Global
	GlobalSection(SolutionConfigurationPlatforms) = preSolution
		Debug|Any CPU = Debug|Any CPU
		Release|Any CPU = Release|Any CPU
	EndGlobalSection
	GlobalSection(ProjectConfigurationPlatforms) = postSolution
		{EDFCE935-8397-46B3-BAA1-668EE82A3E36}.Debug|Any CPU.ActiveCfg = Debug|Any CPU
		{EDFCE935-8397-46B3-BAA1-668EE82A3E36}.Debug|Any CPU.Build.0 = Debug|Any CPU
		{EDFCE935-8397-46B3-BAA1-668EE82A3E36}.Release|Any CPU.ActiveCfg = Release|Any CPU
		{EDFCE935-8397-46B3-BAA1-668EE82A3E36}.Release|Any CPU.Build.0 = Release|Any CPU
	EndGlobalSection
	GlobalSection(SolutionProperties) = preSolution
		HideSolutionNode = FALSE
	EndGlobalSection
	GlobalSection(ExtensibilityGlobals) = postSolution
		SolutionGuid = {02BEC6D4-74C6-4DDF-B272-F68B1D39B2EF}
	EndGlobalSection
EndGlobal
